
Microsoft Visual Studio Solution File, Format Version 12.00
# Visual Studio Version 16
VisualStudioVersion = 16.0.30320.27
MinimumVisualStudioVersion = 10.0.40219.1
Project("{FAE04EC0-301F-11D3-BF4B-00C04F79EFBC}") = "QuanLyShop", "QuanLyShop\QuanLyShop.csproj", "{EA1E9A49-5334-4A24-B8FA-9A9A5314C4C2}"
EndProject
Global
	GlobalSection(SolutionConfigurationPlatforms) = preSolution
		Debug|Any CPU = Debug|Any CPU
		Release|Any CPU = Release|Any CPU
	EndGlobalSection
	GlobalSection(ProjectConfigurationPlatforms) = postSolution
		{EA1E9A49-5334-4A24-B8FA-9A9A5314C4C2}.Debug|Any CPU.ActiveCfg = Debug|Any CPU
		{EA1E9A49-5334-4A24-B8FA-9A9A5314C4C2}.Debug|Any CPU.Build.0 = Debug|Any CPU
		{EA1E9A49-5334-4A24-B8FA-9A9A5314C4C2}.Release|Any CPU.ActiveCfg = Release|Any CPU
		{EA1E9A49-5334-4A24-B8FA-9A9A5314C4C2}.Release|Any CPU.Build.0 = Release|Any CPU
	EndGlobalSection
	GlobalSection(SolutionProperties) = preSolution
		HideSolutionNode = FALSE
	EndGlobalSection
	GlobalSection(ExtensibilityGlobals) = postSolution
		SolutionGuid = {5A1114D9-C8DD-4CA1-869D-837B0005B884}
	EndGlobalSection
EndGlobal
